// !$*UTF8*$!
{
	archiveVersion = 1;
	classes = {
	};
	objectVersion = 50;
	objects = {

/* Begin PBXBuildFile section */
		1947E5F4213F89A500B5E932 /* AppDelegate.m in Sources */ = {isa = PBXBuildFile; fileRef = 1947E5F3213F89A500B5E932 /* AppDelegate.m */; };
		1947E5F7213F89A500B5E932 /* ViewController.m in Sources */ = {isa = PBXBuildFile; fileRef = 1947E5F6213F89A500B5E932 /* ViewController.m */; };
		1947E5FA213F89A500B5E932 /* Main.storyboard in Resources */ = {isa = PBXBuildFile; fileRef = 1947E5F8213F89A500B5E932 /* Main.storyboard */; };
		1947E5FC213F89A500B5E932 /* Assets.xcassets in Resources */ = {isa = PBXBuildFile; fileRef = 1947E5FB213F89A500B5E932 /* Assets.xcassets */; };
		1947E5FF213F89A500B5E932 /* LaunchScreen.storyboard in Resources */ = {isa = PBXBuildFile; fileRef = 1947E5FD213F89A500B5E932 /* LaunchScreen.storyboard */; };
		1947E602213F89A500B5E932 /* main.m in Sources */ = {isa = PBXBuildFile; fileRef = 1947E601213F89A500B5E932 /* main.m */; };
		1947E616213F89D900B5E932 /* GlChartConfig.m in Sources */ = {isa = PBXBuildFile; fileRef = 1947E609213F89D900B5E932 /* GlChartConfig.m */; };
		1947E617213F89D900B5E932 /* GlChartDataModel.m in Sources */ = {isa = PBXBuildFile; fileRef = 1947E60A213F89D900B5E932 /* GlChartDataModel.m */; };
		1947E618213F89D900B5E932 /* GlBasicAnimation.m in Sources */ = {isa = PBXBuildFile; fileRef = 1947E60B213F89D900B5E932 /* GlBasicAnimation.m */; };
		1947E619213F89D900B5E932 /* GlDrawLineView.m in Sources */ = {isa = PBXBuildFile; fileRef = 1947E60E213F89D900B5E932 /* GlDrawLineView.m */; };
		1947E61A213F89D900B5E932 /* GlXYCoordView.m in Sources */ = {isa = PBXBuildFile; fileRef = 1947E614213F89D900B5E932 /* GlXYCoordView.m */; };
		1947E61B213F89D900B5E932 /* GlLineChartView.m in Sources */ = {isa = PBXBuildFile; fileRef = 1947E615213F89D900B5E932 /* GlLineChartView.m */; };
		5952EDBB835C5833E41E1718 /* libPods-GlChartView-Master.a in Frameworks */ = {isa = PBXBuildFile; fileRef = 966257D0D31BB632DE3388B1 /* libPods-GlChartView-Master.a */; };
/* End PBXBuildFile section */

/* Begin PBXFileReference section */
		0139D908BB48E2C8546CDBE8 /* Pods-GlChartView-Master.release.xcconfig */ = {isa = PBXFileReference; includeInIndex = 1; lastKnownFileType = text.xcconfig; name = "Pods-GlChartView-Master.release.xcconfig"; path = "Pods/Target Support Files/Pods-GlChartView-Master/Pods-GlChartView-Master.release.xcconfig"; sourceTree = "<group>"; };
		1947E5EF213F89A500B5E932 /* GlChartView-Master.app */ = {isa = PBXFileReference; explicitFileType = wrapper.application; includeInIndex = 0; path = "GlChartView-Master.app"; sourceTree = BUILT_PRODUCTS_DIR; };
		1947E5F2213F89A500B5E932 /* AppDelegate.h */ = {isa = PBXFileReference; lastKnownFileType = sourcecode.c.h; path = AppDelegate.h; sourceTree = "<group>"; };
		1947E5F3213F89A500B5E932 /* AppDelegate.m */ = {isa = PBXFileReference; lastKnownFileType = sourcecode.c.objc; path = AppDelegate.m; sourceTree = "<group>"; };
		1947E5F5213F89A500B5E932 /* ViewController.h */ = {isa = PBXFileReference; lastKnownFileType = sourcecode.c.h; path = ViewController.h; sourceTree = "<group>"; };
		1947E5F6213F89A500B5E932 /* ViewController.m */ = {isa = PBXFileReference; lastKnownFileType = sourcecode.c.objc; path = ViewController.m; sourceTree = "<group>"; };
		1947E5F9213F89A500B5E932 /* Base */ = {isa = PBXFileReference; lastKnownFileType = file.storyboard; name = Base; path = Base.lproj/Main.storyboard; sourceTree = "<group>"; };
		1947E5FB213F89A500B5E932 /* Assets.xcassets */ = {isa = PBXFileReference; lastKnownFileType = folder.assetcatalog; path = Assets.xcassets; sourceTree = "<group>"; };
		1947E5FE213F89A500B5E932 /* Base */ = {isa = PBXFileReference; lastKnownFileType = file.storyboard; name = Base; path = Base.lproj/LaunchScreen.storyboard; sourceTree = "<group>"; };
		1947E600213F89A500B5E932 /* Info.plist */ = {isa = PBXFileReference; lastKnownFileType = text.plist.xml; path = Info.plist; sourceTree = "<group>"; };
		1947E601213F89A500B5E932 /* main.m */ = {isa = PBXFileReference; lastKnownFileType = sourcecode.c.objc; path = main.m; sourceTree = "<group>"; };
		1947E609213F89D900B5E932 /* GlChartConfig.m */ = {isa = PBXFileReference; fileEncoding = 4; lastKnownFileType = sourcecode.c.objc; path = GlChartConfig.m; sourceTree = "<group>"; };
		1947E60A213F89D900B5E932 /* GlChartDataModel.m */ = {isa = PBXFileReference; fileEncoding = 4; lastKnownFileType = sourcecode.c.objc; path = GlChartDataModel.m; sourceTree = "<group>"; };
		1947E60B213F89D900B5E932 /* GlBasicAnimation.m */ = {isa = PBXFileReference; fileEncoding = 4; lastKnownFileType = sourcecode.c.objc; path = GlBasicAnimation.m; sourceTree = "<group>"; };
		1947E60C213F89D900B5E932 /* GlLineChartView.h */ = {isa = PBXFileReference; fileEncoding = 4; lastKnownFileType = sourcecode.c.h; path = GlLineChartView.h; sourceTree = "<group>"; };
		1947E60D213F89D900B5E932 /* GlXYCoordView.h */ = {isa = PBXFileReference; fileEncoding = 4; lastKnownFileType = sourcecode.c.h; path = GlXYCoordView.h; sourceTree = "<group>"; };
		1947E60E213F89D900B5E932 /* GlDrawLineView.m */ = {isa = PBXFileReference; fileEncoding = 4; lastKnownFileType = sourcecode.c.objc; path = GlDrawLineView.m; sourceTree = "<group>"; };
		1947E60F213F89D900B5E932 /* GlChartViewDelegate.h */ = {isa = PBXFileReference; fileEncoding = 4; lastKnownFileType = sourcecode.c.h; path = GlChartViewDelegate.h; sourceTree = "<group>"; };
		1947E610213F89D900B5E932 /* GlChartConfig.h */ = {isa = PBXFileReference; fileEncoding = 4; lastKnownFileType = sourcecode.c.h; path = GlChartConfig.h; sourceTree = "<group>"; };
		1947E611213F89D900B5E932 /* GlBasicAnimation.h */ = {isa = PBXFileReference; fileEncoding = 4; lastKnownFileType = sourcecode.c.h; path = GlBasicAnimation.h; sourceTree = "<group>"; };
		1947E612213F89D900B5E932 /* GlChartDataModel.h */ = {isa = PBXFileReference; fileEncoding = 4; lastKnownFileType = sourcecode.c.h; path = GlChartDataModel.h; sourceTree = "<group>"; };
		1947E613213F89D900B5E932 /* GlDrawLineView.h */ = {isa = PBXFileReference; fileEncoding = 4; lastKnownFileType = sourcecode.c.h; path = GlDrawLineView.h; sourceTree = "<group>"; };
		1947E614213F89D900B5E932 /* GlXYCoordView.m */ = {isa = PBXFileReference; fileEncoding = 4; lastKnownFileType = sourcecode.c.objc; path = GlXYCoordView.m; sourceTree = "<group>"; };
		1947E615213F89D900B5E932 /* GlLineChartView.m */ = {isa = PBXFileReference; fileEncoding = 4; lastKnownFileType = sourcecode.c.objc; path = GlLineChartView.m; sourceTree = "<group>"; };
		966257D0D31BB632DE3388B1 /* libPods-GlChartView-Master.a */ = {isa = PBXFileReference; explicitFileType = archive.ar; includeInIndex = 0; path = "libPods-GlChartView-Master.a"; sourceTree = BUILT_PRODUCTS_DIR; };
		BB6BCA757A4F7E2E9026E3C8 /* Pods-GlChartView-Master.debug.xcconfig */ = {isa = PBXFileReference; includeInIndex = 1; lastKnownFileType = text.xcconfig; name = "Pods-GlChartView-Master.debug.xcconfig"; path = "Pods/Target Support Files/Pods-GlChartView-Master/Pods-GlChartView-Master.debug.xcconfig"; sourceTree = "<group>"; };
/* End PBXFileReference section */

/* Begin PBXFrameworksBuildPhase section */
		1947E5EC213F89A500B5E932 /* Frameworks */ = {
			isa = PBXFrameworksBuildPhase;
			buildActionMask = 2147483647;
			files = (
				5952EDBB835C5833E41E1718 /* libPods-GlChartView-Master.a in Frameworks */,
			);
			runOnlyForDeploymentPostprocessing = 0;
		};
/* End PBXFrameworksBuildPhase section */

/* Begin PBXGroup section */
		04E42B91FA5E938680B602ED /* Frameworks */ = {
			isa = PBXGroup;
			children = (
				966257D0D31BB632DE3388B1 /* libPods-GlChartView-Master.a */,
			);
			name = Frameworks;
			sourceTree = "<group>";
		};
		1947E5E6213F89A500B5E932 = {
			isa = PBXGroup;
			children = (
				1947E5F1213F89A500B5E932 /* GlChartView-Master */,
				1947E5F0213F89A500B5E932 /* Products */,
				EE3EBD7F91090BC59F9B58F8 /* Pods */,
				04E42B91FA5E938680B602ED /* Frameworks */,
			);
			sourceTree = "<group>";
		};
		1947E5F0213F89A500B5E932 /* Products */ = {
			isa = PBXGroup;
			children = (
				1947E5EF213F89A500B5E932 /* GlChartView-Master.app */,
			);
			name = Products;
			sourceTree = "<group>";
		};
		1947E5F1213F89A500B5E932 /* GlChartView-Master */ = {
			isa = PBXGroup;
			children = (
				1947E608213F89D900B5E932 /* GlChartView */,
				1947E5F2213F89A500B5E932 /* AppDelegate.h */,
				1947E5F3213F89A500B5E932 /* AppDelegate.m */,
				1947E5F5213F89A500B5E932 /* ViewController.h */,
				1947E5F6213F89A500B5E932 /* ViewController.m */,
				1947E5F8213F89A500B5E932 /* Main.storyboard */,
				1947E5FB213F89A500B5E932 /* Assets.xcassets */,
				1947E5FD213F89A500B5E932 /* LaunchScreen.storyboard */,
				1947E600213F89A500B5E932 /* Info.plist */,
				1947E601213F89A500B5E932 /* main.m */,
			);
			path = "GlChartView-Master";
			sourceTree = "<group>";
		};
		1947E608213F89D900B5E932 /* GlChartView */ = {
			isa = PBXGroup;
			children = (
				1947E611213F89D900B5E932 /* GlBasicAnimation.h */,
				1947E60B213F89D900B5E932 /* GlBasicAnimation.m */,
				1947E610213F89D900B5E932 /* GlChartConfig.h */,
				1947E609213F89D900B5E932 /* GlChartConfig.m */,
				1947E612213F89D900B5E932 /* GlChartDataModel.h */,
				1947E60A213F89D900B5E932 /* GlChartDataModel.m */,
				1947E60F213F89D900B5E932 /* GlChartViewDelegate.h */,
				1947E613213F89D900B5E932 /* GlDrawLineView.h */,
				1947E60E213F89D900B5E932 /* GlDrawLineView.m */,
				1947E60C213F89D900B5E932 /* GlLineChartView.h */,
				1947E615213F89D900B5E932 /* GlLineChartView.m */,
				1947E60D213F89D900B5E932 /* GlXYCoordView.h */,
				1947E614213F89D900B5E932 /* GlXYCoordView.m */,
			);
			path = GlChartView;
			sourceTree = SOURCE_ROOT;
		};
		EE3EBD7F91090BC59F9B58F8 /* Pods */ = {
			isa = PBXGroup;
			children = (
				BB6BCA757A4F7E2E9026E3C8 /* Pods-GlChartView-Master.debug.xcconfig */,
				0139D908BB48E2C8546CDBE8 /* Pods-GlChartView-Master.release.xcconfig */,
			);
			name = Pods;
			sourceTree = "<group>";
		};
/* End PBXGroup section */

/* Begin PBXNativeTarget section */
		1947E5EE213F89A500B5E932 /* GlChartView-Master */ = {
			isa = PBXNativeTarget;
			buildConfigurationList = 1947E605213F89A500B5E932 /* Build configuration list for PBXNativeTarget "GlChartView-Master" */;
			buildPhases = (
				28E72A00565D9A5BA05A7935 /* [CP] Check Pods Manifest.lock */,
				1947E5EB213F89A500B5E932 /* Sources */,
				1947E5EC213F89A500B5E932 /* Frameworks */,
				1947E5ED213F89A500B5E932 /* Resources */,
			);
			buildRules = (
			);
			dependencies = (
			);
			name = "GlChartView-Master";
			productName = "GlChartView-Master";
			productReference = 1947E5EF213F89A500B5E932 /* GlChartView-Master.app */;
			productType = "com.apple.product-type.application";
		};
/* End PBXNativeTarget section */

/* Begin PBXProject section */
		1947E5E7213F89A500B5E932 /* Project object */ = {
			isa = PBXProject;
			attributes = {
				LastUpgradeCheck = 0940;
				ORGANIZATIONNAME = gleeeli;
				TargetAttributes = {
					1947E5EE213F89A500B5E932 = {
						CreatedOnToolsVersion = 9.4.1;
					};
				};
			};
			buildConfigurationList = 1947E5EA213F89A500B5E932 /* Build configuration list for PBXProject "GlChartView-Master" */;
			compatibilityVersion = "Xcode 9.3";
			developmentRegion = en;
			hasScannedForEncodings = 0;
			knownRegions = (
				en,
				Base,
			);
			mainGroup = 1947E5E6213F89A500B5E932;
			productRefGroup = 1947E5F0213F89A500B5E932 /* Products */;
			projectDirPath = "";
			projectRoot = "";
			targets = (
				1947E5EE213F89A500B5E932 /* GlChartView-Master */,
			);
		};
/* End PBXProject section */

/* Begin PBXResourcesBuildPhase section */
		1947E5ED213F89A500B5E932 /* Resources */ = {
			isa = PBXResourcesBuildPhase;
			buildActionMask = 2147483647;
			files = (
				1947E5FF213F89A500B5E932 /* LaunchScreen.storyboard in Resources */,
				1947E5FC213F89A500B5E932 /* Assets.xcassets in Resources */,
				1947E5FA213F89A500B5E932 /* Main.storyboard in Resources */,
			);
			runOnlyForDeploymentPostprocessing = 0;
		};
/* End PBXResourcesBuildPhase section */

/* Begin PBXShellScriptBuildPhase section */
		28E72A00565D9A5BA05A7935 /* [CP] Check Pods Manifest.lock */ = {
			isa = PBXShellScriptBuildPhase;
			buildActionMask = 2147483647;
			files = (
			);
			inputPaths = (
				"${PODS_PODFILE_DIR_PATH}/Podfile.lock",
				"${PODS_ROOT}/Manifest.lock",
			);
			name = "[CP] Check Pods Manifest.lock";
			outputPaths = (
				"$(DERIVED_FILE_DIR)/Pods-GlChartView-Master-checkManifestLockResult.txt",
			);
			runOnlyForDeploymentPostprocessing = 0;
			shellPath = /bin/sh;
			shellScript = "diff \"${PODS_PODFILE_DIR_PATH}/Podfile.lock\" \"${PODS_ROOT}/Manifest.lock\" > /dev/null\nif [ $? != 0 ] ; then\n    # print error to STDERR\n    echo \"error: The sandbox is not in sync with the Podfile.lock. Run 'pod install' or update your CocoaPods installation.\" >&2\n    exit 1\nfi\n# This output is used by Xcode 'outputs' to avoid re-running this script phase.\necho \"SUCCESS\" > \"${SCRIPT_OUTPUT_FILE_0}\"\n";
			showEnvVarsInLog = 0;
		};
/* End PBXShellScriptBuildPhase section */

/* Begin PBXSourcesBuildPhase section */
		1947E5EB213F89A500B5E932 /* Sources */ = {
			isa = PBXSourcesBuildPhase;
			buildActionMask = 2147483647;
			files = (
				1947E61A213F89D900B5E932 /* GlXYCoordView.m in Sources */,
				1947E618213F89D900B5E932 /* GlBasicAnimation.m in Sources */,
				1947E5F7213F89A500B5E932 /* ViewController.m in Sources */,
				1947E617213F89D900B5E932 /* GlChartDataModel.m in Sources */,
				1947E616213F89D900B5E932 /* GlChartConfig.m in Sources */,
				1947E619213F89D900B5E932 /* GlDrawLineView.m in Sources */,
				1947E61B213F89D900B5E932 /* GlLineChartView.m in Sources */,
				1947E602213F89A500B5E932 /* main.m in Sources */,
				1947E5F4213F89A500B5E932 /* AppDelegate.m in Sources */,
			);
			runOnlyForDeploymentPostprocessing = 0;
		};
/* End PBXSourcesBuildPhase section */

/* Begin PBXVariantGroup section */
		1947E5F8213F89A500B5E932 /* Main.storyboard */ = {
			isa = PBXVariantGroup;
			children = (
				1947E5F9213F89A500B5E932 /* Base */,
			);
			name = Main.storyboard;
			sourceTree = "<group>";
		};
		1947E5FD213F89A500B5E932 /* LaunchScreen.storyboard */ = {
			isa = PBXVariantGroup;
			children = (
				1947E5FE213F89A500B5E932 /* Base */,
			);
			name = LaunchScreen.storyboard;
			sourceTree = "<group>";
		};
/* End PBXVariantGroup section */

/* Begin XCBuildConfiguration section */
		1947E603213F89A500B5E932 /* Debug */ = {
			isa = XCBuildConfiguration;
			buildSettings = {
				ALWAYS_SEARCH_USER_PATHS = NO;
				CLANG_ANALYZER_NONNULL = YES;
				CLANG_ANALYZER_NUMBER_OBJECT_CONVERSION = YES_AGGRESSIVE;
				CLANG_CXX_LANGUAGE_STANDARD = "gnu++14";
				CLANG_CXX_LIBRARY = "libc++";
				CLANG_ENABLE_MODULES = YES;
				CLANG_ENABLE_OBJC_ARC = YES;
				CLANG_ENABLE_OBJC_WEAK = YES;
				CLANG_WARN_BLOCK_CAPTURE_AUTORELEASING = YES;
				CLANG_WARN_BOOL_CONVERSION = YES;
				CLANG_WARN_COMMA = YES;
				CLANG_WARN_CONSTANT_CONVERSION = YES;
				CLANG_WARN_DEPRECATED_OBJC_IMPLEMENTATIONS = YES;
				CLANG_WARN_DIRECT_OBJC_ISA_USAGE = YES_ERROR;
				CLANG_WARN_DOCUMENTATION_COMMENTS = YES;
				CLANG_WARN_EMPTY_BODY = YES;
				CLANG_WARN_ENUM_CONVERSION = YES;
				CLANG_WARN_INFINITE_RECURSION = YES;
				CLANG_WARN_INT_CONVERSION = YES;
				CLANG_WARN_NON_LITERAL_NULL_CONVERSION = YES;
				CLANG_WARN_OBJC_IMPLICIT_RETAIN_SELF = YES;
				CLANG_WARN_OBJC_LITERAL_CONVERSION = YES;
				CLANG_WARN_OBJC_ROOT_CLASS = YES_ERROR;
				CLANG_WARN_RANGE_LOOP_ANALYSIS = YES;
				CLANG_WARN_STRICT_PROTOTYPES = YES;
				CLANG_WARN_SUSPICIOUS_MOVE = YES;
				CLANG_WARN_UNGUARDED_AVAILABILITY = YES_AGGRESSIVE;
				CLANG_WARN_UNREACHABLE_CODE = YES;
				CLANG_WARN__DUPLICATE_METHOD_MATCH = YES;
				CODE_SIGN_IDENTITY = "iPhone Developer";
				COPY_PHASE_STRIP = NO;
				DEBUG_INFORMATION_FORMAT = dwarf;
				ENABLE_STRICT_OBJC_MSGSEND = YES;
				ENABLE_TESTABILITY = YES;
				GCC_C_LANGUAGE_STANDARD = gnu11;
				GCC_DYNAMIC_NO_PIC = NO;
				GCC_NO_COMMON_BLOCKS = YES;
				GCC_OPTIMIZATION_LEVEL = 0;
				GCC_PREPROCESSOR_DEFINITIONS = (
					"DEBUG=1",
					"$(inherited)",
				);
				GCC_WARN_64_TO_32_BIT_CONVERSION = YES;
				GCC_WARN_ABOUT_RETURN_TYPE = YES_ERROR;
				GCC_WARN_UNDECLARED_SELECTOR = YES;
				GCC_WARN_UNINITIALIZED_AUTOS = YES_AGGRESSIVE;
				GCC_WARN_UNUSED_FUNCTION = YES;
				GCC_WARN_UNUSED_VARIABLE = YES;
				IPHONEOS_DEPLOYMENT_TARGET = 11.4;
				MTL_ENABLE_DEBUG_INFO = YES;
				ONLY_ACTIVE_ARCH = YES;
				SDKROOT = iphoneos;
			};
			name = Debug;
		};
		1947E604213F89A500B5E932 /* Release */ = {
			isa = XCBuildConfiguration;
			buildSettings = {
				ALWAYS_SEARCH_USER_PATHS = NO;
				CLANG_ANALYZER_NONNULL = YES;
				CLANG_ANALYZER_NUMBER_OBJECT_CONVERSION = YES_AGGRESSIVE;
				CLANG_CXX_LANGUAGE_STANDARD = "gnu++14";
				CLANG_CXX_LIBRARY = "libc++";
				CLANG_ENABLE_MODULES = YES;
				CLANG_ENABLE_OBJC_ARC = YES;
				CLANG_ENABLE_OBJC_WEAK = YES;
				CLANG_WARN_BLOCK_CAPTURE_AUTORELEASING = YES;
				CLANG_WARN_BOOL_CONVERSION = YES;
				CLANG_WARN_COMMA = YES;
				CLANG_WARN_CONSTANT_CONVERSION = YES;
				CLANG_WARN_DEPRECATED_OBJC_IMPLEMENTATIONS = YES;
				CLANG_WARN_DIRECT_OBJC_ISA_USAGE = YES_ERROR;
				CLANG_WARN_DOCUMENTATION_COMMENTS = YES;
				CLANG_WARN_EMPTY_BODY = YES;
				CLANG_WARN_ENUM_CONVERSION = YES;
				CLANG_WARN_INFINITE_RECURSION = YES;
				CLANG_WARN_INT_CONVERSION = YES;
				CLANG_WARN_NON_LITERAL_NULL_CONVERSION = YES;
				CLANG_WARN_OBJC_IMPLICIT_RETAIN_SELF = YES;
				CLANG_WARN_OBJC_LITERAL_CONVERSION = YES;
				CLANG_WARN_OBJC_ROOT_CLASS = YES_ERROR;
				CLANG_WARN_RANGE_LOOP_ANALYSIS = YES;
				CLANG_WARN_STRICT_PROTOTYPES = YES;
				CLANG_WARN_SUSPICIOUS_MOVE = YES;
				CLANG_WARN_UNGUARDED_AVAILABILITY = YES_AGGRESSIVE;
				CLANG_WARN_UNREACHABLE_CODE = YES;
				CLANG_WARN__DUPLICATE_METHOD_MATCH = YES;
				CODE_SIGN_IDENTITY = "iPhone Developer";
				COPY_PHASE_STRIP = NO;
				DEBUG_INFORMATION_FORMAT = "dwarf-with-dsym";
				ENABLE_NS_ASSERTIONS = NO;
				ENABLE_STRICT_OBJC_MSGSEND = YES;
				GCC_C_LANGUAGE_STANDARD = gnu11;
				GCC_NO_COMMON_BLOCKS = YES;
				GCC_WARN_64_TO_32_BIT_CONVERSION = YES;
				GCC_WARN_ABOUT_RETURN_TYPE = YES_ERROR;
				GCC_WARN_UNDECLARED_SELECTOR = YES;
				GCC_WARN_UNINITIALIZED_AUTOS = YES_AGGRESSIVE;
				GCC_WARN_UNUSED_FUNCTION = YES;
				GCC_WARN_UNUSED_VARIABLE = YES;
				IPHONEOS_DEPLOYMENT_TARGET = 11.4;
				MTL_ENABLE_DEBUG_INFO = NO;
				SDKROOT = iphoneos;
				VALIDATE_PRODUCT = YES;
			};
			name = Release;
		};
		1947E606213F89A500B5E932 /* Debug */ = {
			isa = XCBuildConfiguration;
			baseConfigurationReference = BB6BCA757A4F7E2E9026E3C8 /* Pods-GlChartView-Master.debug.xcconfig */;
			buildSettings = {
				ASSETCATALOG_COMPILER_APPICON_NAME = AppIcon;
				CODE_SIGN_STYLE = Automatic;
				INFOPLIST_FILE = "GlChartView-Master/Info.plist";
				LD_RUNPATH_SEARCH_PATHS = (
					"$(inherited)",
					"@executable_path/Frameworks",
				);
				PRODUCT_BUNDLE_IDENTIFIER = "gleeeli.GlChartView-Master";
				PRODUCT_NAME = "$(TARGET_NAME)";
				TARGETED_DEVICE_FAMILY = "1,2";
			};
			name = Debug;
		};
		1947E607213F89A500B5E932 /* Release */ = {
			isa = XCBuildConfiguration;
			baseConfigurationReference = 0139D908BB48E2C8546CDBE8 /* Pods-GlChartView-Master.release.xcconfig */;
			buildSettings = {
				ASSETCATALOG_COMPILER_APPICON_NAME = AppIcon;
				CODE_SIGN_STYLE = Automatic;
				INFOPLIST_FILE = "GlChartView-Master/Info.plist";
				LD_RUNPATH_SEARCH_PATHS = (
					"$(inherited)",
					"@executable_path/Frameworks",
				);
				PRODUCT_BUNDLE_IDENTIFIER = "gleeeli.GlChartView-Master";
				PRODUCT_NAME = "$(TARGET_NAME)";
				TARGETED_DEVICE_FAMILY = "1,2";
			};
			name = Release;
		};
/* End XCBuildConfiguration section */

/* Begin XCConfigurationList section */
		1947E5EA213F89A500B5E932 /* Build configuration list for PBXProject "GlChartView-Master" */ = {
			isa = XCConfigurationList;
			buildConfigurations = (
				1947E603213F89A500B5E932 /* Debug */,
				1947E604213F89A500B5E932 /* Release */,
			);
			defaultConfigurationIsVisible = 0;
			defaultConfigurationName = Release;
		};
		1947E605213F89A500B5E932 /* Build configuration list for PBXNativeTarget "GlChartView-Master" */ = {
			isa = XCConfigurationList;
			buildConfigurations = (
				1947E606213F89A500B5E932 /* Debug */,
				1947E607213F89A500B5E932 /* Release */,
			);
			defaultConfigurationIsVisible = 0;
			defaultConfigurationName = Release;
		};
/* End XCConfigurationList section */
	};
	rootObject = 1947E5E7213F89A500B5E932 /* Project object */;
}
